// !$*UTF8*$!
{
	archiveVersion = 1;
	classes = {
	};
	objectVersion = 46;
	objects = {

/* Begin PBXBuildFile section */
		117C156F1CA937370071F66F /* SDWebImage.framework in Frameworks */ = {isa = PBXBuildFile; fileRef = 117C156E1CA937370071F66F /* SDWebImage.framework */; };
		1184FD701CA507920019F58B /* AppDelegate.swift in Sources */ = {isa = PBXBuildFile; fileRef = 1184FD6F1CA507920019F58B /* AppDelegate.swift */; };
		1184FD721CA507920019F58B /* FirstViewController.swift in Sources */ = {isa = PBXBuildFile; fileRef = 1184FD711CA507920019F58B /* FirstViewController.swift */; };
		1184FD741CA507920019F58B /* SecondViewController.swift in Sources */ = {isa = PBXBuildFile; fileRef = 1184FD731CA507920019F58B /* SecondViewController.swift */; };
		1184FD771CA507920019F58B /* Main.storyboard in Resources */ = {isa = PBXBuildFile; fileRef = 1184FD751CA507920019F58B /* Main.storyboard */; };
		1184FD791CA507920019F58B /* Assets.xcassets in Resources */ = {isa = PBXBuildFile; fileRef = 1184FD781CA507920019F58B /* Assets.xcassets */; };
		1184FD7C1CA507920019F58B /* LaunchScreen.storyboard in Resources */ = {isa = PBXBuildFile; fileRef = 1184FD7A1CA507920019F58B /* LaunchScreen.storyboard */; };
		1184FD881CA50F7C0019F58B /* WebViewController.swift in Sources */ = {isa = PBXBuildFile; fileRef = 1184FD871CA50F7C0019F58B /* WebViewController.swift */; };
		1184FD8A1CA512C20019F58B /* MovieTableViewCell.swift in Sources */ = {isa = PBXBuildFile; fileRef = 1184FD891CA512C20019F58B /* MovieTableViewCell.swift */; };
		11A1F51E1CA903C20048BCEB /* DetailViewController.swift in Sources */ = {isa = PBXBuildFile; fileRef = 11A1F51D1CA903C20048BCEB /* DetailViewController.swift */; };
		F04336D4E339D181D9B384E1 /* Pods_AlphaCamp_midTermExam.framework in Frameworks */ = {isa = PBXBuildFile; fileRef = 11FDB693979F5CF0F15C535B /* Pods_AlphaCamp_midTermExam.framework */; };
/* End PBXBuildFile section */

/* Begin PBXFileReference section */
		117C156E1CA937370071F66F /* SDWebImage.framework */ = {isa = PBXFileReference; lastKnownFileType = wrapper.framework; name = SDWebImage.framework; path = "../../Library/Developer/Xcode/DerivedData/AlphaCamp_midTermExam-ganwhjfpgqrsqmbhmmlngwbzzvew/Build/Products/Debug-iphoneos/SDWebImage/SDWebImage.framework"; sourceTree = "<group>"; };
		118067F61CA7E31600876D5C /* SDWebImage.framework */ = {isa = PBXFileReference; lastKnownFileType = wrapper.framework; name = SDWebImage.framework; path = "Pods/../build/Debug-iphoneos/SDWebImage/SDWebImage.framework"; sourceTree = "<group>"; };
		1184FD6C1CA507920019F58B /* AlphaCamp_midTermExam.app */ = {isa = PBXFileReference; explicitFileType = wrapper.application; includeInIndex = 0; path = AlphaCamp_midTermExam.app; sourceTree = BUILT_PRODUCTS_DIR; };
		1184FD6F1CA507920019F58B /* AppDelegate.swift */ = {isa = PBXFileReference; lastKnownFileType = sourcecode.swift; path = AppDelegate.swift; sourceTree = "<group>"; };
		1184FD711CA507920019F58B /* FirstViewController.swift */ = {isa = PBXFileReference; lastKnownFileType = sourcecode.swift; path = FirstViewController.swift; sourceTree = "<group>"; };
		1184FD731CA507920019F58B /* SecondViewController.swift */ = {isa = PBXFileReference; lastKnownFileType = sourcecode.swift; path = SecondViewController.swift; sourceTree = "<group>"; };
		1184FD761CA507920019F58B /* Base */ = {isa = PBXFileReference; lastKnownFileType = file.storyboard; name = Base; path = Base.lproj/Main.storyboard; sourceTree = "<group>"; };
		1184FD781CA507920019F58B /* Assets.xcassets */ = {isa = PBXFileReference; lastKnownFileType = folder.assetcatalog; path = Assets.xcassets; sourceTree = "<group>"; };
		1184FD7B1CA507920019F58B /* Base */ = {isa = PBXFileReference; lastKnownFileType = file.storyboard; name = Base; path = Base.lproj/LaunchScreen.storyboard; sourceTree = "<group>"; };
		1184FD7D1CA507920019F58B /* Info.plist */ = {isa = PBXFileReference; lastKnownFileType = text.plist.xml; path = Info.plist; sourceTree = "<group>"; };
		1184FD871CA50F7C0019F58B /* WebViewController.swift */ = {isa = PBXFileReference; fileEncoding = 4; lastKnownFileType = sourcecode.swift; path = WebViewController.swift; sourceTree = "<group>"; };
		1184FD891CA512C20019F58B /* MovieTableViewCell.swift */ = {isa = PBXFileReference; fileEncoding = 4; lastKnownFileType = sourcecode.swift; path = MovieTableViewCell.swift; sourceTree = "<group>"; };
		11A1F51D1CA903C20048BCEB /* DetailViewController.swift */ = {isa = PBXFileReference; fileEncoding = 4; lastKnownFileType = sourcecode.swift; path = DetailViewController.swift; sourceTree = "<group>"; };
		11FDB693979F5CF0F15C535B /* Pods_AlphaCamp_midTermExam.framework */ = {isa = PBXFileReference; explicitFileType = wrapper.framework; includeInIndex = 0; path = Pods_AlphaCamp_midTermExam.framework; sourceTree = BUILT_PRODUCTS_DIR; };
		15FFDD623CC646544EDD4E50 /* Pods-AlphaCamp_movieapp_practice.debug.xcconfig */ = {isa = PBXFileReference; includeInIndex = 1; lastKnownFileType = text.xcconfig; name = "Pods-AlphaCamp_movieapp_practice.debug.xcconfig"; path = "Pods/Target Support Files/Pods-AlphaCamp_movieapp_practice/Pods-AlphaCamp_movieapp_practice.debug.xcconfig"; sourceTree = "<group>"; };
		1B6D2E6F1A443E2061A082A3 /* Pods-AlphaCamp_midTermExam.release.xcconfig */ = {isa = PBXFileReference; includeInIndex = 1; lastKnownFileType = text.xcconfig; name = "Pods-AlphaCamp_midTermExam.release.xcconfig"; path = "Pods/Target Support Files/Pods-AlphaCamp_midTermExam/Pods-AlphaCamp_midTermExam.release.xcconfig"; sourceTree = "<group>"; };
		6E6F4931624F04112F82BB4A /* Pods_AlphaCamp_movieapp_practice.framework */ = {isa = PBXFileReference; explicitFileType = wrapper.framework; includeInIndex = 0; path = Pods_AlphaCamp_movieapp_practice.framework; sourceTree = BUILT_PRODUCTS_DIR; };
		9DB0C3D58340161980E37C42 /* Pods-AlphaCamp_movieapp_practice.release.xcconfig */ = {isa = PBXFileReference; includeInIndex = 1; lastKnownFileType = text.xcconfig; name = "Pods-AlphaCamp_movieapp_practice.release.xcconfig"; path = "Pods/Target Support Files/Pods-AlphaCamp_movieapp_practice/Pods-AlphaCamp_movieapp_practice.release.xcconfig"; sourceTree = "<group>"; };
		F6ADE557A7BA78779134FCF4 /* Pods-AlphaCamp_midTermExam.debug.xcconfig */ = {isa = PBXFileReference; includeInIndex = 1; lastKnownFileType = text.xcconfig; name = "Pods-AlphaCamp_midTermExam.debug.xcconfig"; path = "Pods/Target Support Files/Pods-AlphaCamp_midTermExam/Pods-AlphaCamp_midTermExam.debug.xcconfig"; sourceTree = "<group>"; };
/* End PBXFileReference section */

/* Begin PBXFrameworksBuildPhase section */
		1184FD691CA507920019F58B /* Frameworks */ = {
			isa = PBXFrameworksBuildPhase;
			buildActionMask = 2147483647;
			files = (
				117C156F1CA937370071F66F /* SDWebImage.framework in Frameworks */,
				F04336D4E339D181D9B384E1 /* Pods_AlphaCamp_midTermExam.framework in Frameworks */,
			);
			runOnlyForDeploymentPostprocessing = 0;
		};
/* End PBXFrameworksBuildPhase section */

/* Begin PBXGroup section */
		1184FD631CA507920019F58B = {
			isa = PBXGroup;
			children = (
				1184FD6E1CA507920019F58B /* AlphaCamp_mainapp_practice */,
				1184FD6D1CA507920019F58B /* Products */,
				4C1B45D1483F2186E53A26B4 /* Pods */,
				61B6FB344028475B91BD803C /* Frameworks */,
			);
			sourceTree = "<group>";
		};
		1184FD6D1CA507920019F58B /* Products */ = {
			isa = PBXGroup;
			children = (
				1184FD6C1CA507920019F58B /* AlphaCamp_midTermExam.app */,
			);
			name = Products;
			sourceTree = "<group>";
		};
		1184FD6E1CA507920019F58B /* AlphaCamp_mainapp_practice */ = {
			isa = PBXGroup;
			children = (
				1184FD6F1CA507920019F58B /* AppDelegate.swift */,
				1184FD711CA507920019F58B /* FirstViewController.swift */,
				1184FD891CA512C20019F58B /* MovieTableViewCell.swift */,
				11A1F51D1CA903C20048BCEB /* DetailViewController.swift */,
				1184FD871CA50F7C0019F58B /* WebViewController.swift */,
				1184FD731CA507920019F58B /* SecondViewController.swift */,
				1184FD751CA507920019F58B /* Main.storyboard */,
				1184FD7A1CA507920019F58B /* LaunchScreen.storyboard */,
				1184FD781CA507920019F58B /* Assets.xcassets */,
				1184FD7D1CA507920019F58B /* Info.plist */,
			);
			path = AlphaCamp_mainapp_practice;
			sourceTree = "<group>";
		};
		4C1B45D1483F2186E53A26B4 /* Pods */ = {
			isa = PBXGroup;
			children = (
				15FFDD623CC646544EDD4E50 /* Pods-AlphaCamp_movieapp_practice.debug.xcconfig */,
				9DB0C3D58340161980E37C42 /* Pods-AlphaCamp_movieapp_practice.release.xcconfig */,
				F6ADE557A7BA78779134FCF4 /* Pods-AlphaCamp_midTermExam.debug.xcconfig */,
				1B6D2E6F1A443E2061A082A3 /* Pods-AlphaCamp_midTermExam.release.xcconfig */,
			);
			name = Pods;
			sourceTree = "<group>";
		};
		61B6FB344028475B91BD803C /* Frameworks */ = {
			isa = PBXGroup;
			children = (
				117C156E1CA937370071F66F /* SDWebImage.framework */,
				118067F61CA7E31600876D5C /* SDWebImage.framework */,
				6E6F4931624F04112F82BB4A /* Pods_AlphaCamp_movieapp_practice.framework */,
				11FDB693979F5CF0F15C535B /* Pods_AlphaCamp_midTermExam.framework */,
			);
			name = Frameworks;
			sourceTree = "<group>";
		};
/* End PBXGroup section */

/* Begin PBXNativeTarget section */
		1184FD6B1CA507920019F58B /* AlphaCamp_midTermExam */ = {
			isa = PBXNativeTarget;
			buildConfigurationList = 1184FD801CA507920019F58B /* Build configuration list for PBXNativeTarget "AlphaCamp_midTermExam" */;
			buildPhases = (
				1417FF29ACA886DE7C4AAF70 /* Check Pods Manifest.lock */,
				1184FD681CA507920019F58B /* Sources */,
				1184FD691CA507920019F58B /* Frameworks */,
				1184FD6A1CA507920019F58B /* Resources */,
				A6A5E742310D113F1811DBC5 /* Embed Pods Frameworks */,
				0553B9E666B5A3DC7A47F326 /* Copy Pods Resources */,
			);
			buildRules = (
			);
			dependencies = (
			);
			name = AlphaCamp_midTermExam;
			productName = AlphaCamp_mainapp_practice;
			productReference = 1184FD6C1CA507920019F58B /* AlphaCamp_midTermExam.app */;
			productType = "com.apple.product-type.application";
		};
/* End PBXNativeTarget section */

/* Begin PBXProject section */
		1184FD641CA507920019F58B /* Project object */ = {
			isa = PBXProject;
			attributes = {
				LastSwiftUpdateCheck = 0730;
				LastUpgradeCheck = 0730;
				ORGANIZATIONNAME = "Ka Ho";
				TargetAttributes = {
					1184FD6B1CA507920019F58B = {
						CreatedOnToolsVersion = 7.3;
					};
				};
			};
			buildConfigurationList = 1184FD671CA507920019F58B /* Build configuration list for PBXProject "AlphaCamp_midTermExam" */;
			compatibilityVersion = "Xcode 3.2";
			developmentRegion = English;
			hasScannedForEncodings = 0;
			knownRegions = (
				en,
				Base,
			);
			mainGroup = 1184FD631CA507920019F58B;
			productRefGroup = 1184FD6D1CA507920019F58B /* Products */;
			projectDirPath = "";
			projectRoot = "";
			targets = (
				1184FD6B1CA507920019F58B /* AlphaCamp_midTermExam */,
			);
		};
/* End PBXProject section */

/* Begin PBXResourcesBuildPhase section */
		1184FD6A1CA507920019F58B /* Resources */ = {
			isa = PBXResourcesBuildPhase;
			buildActionMask = 2147483647;
			files = (
				1184FD7C1CA507920019F58B /* LaunchScreen.storyboard in Resources */,
				1184FD791CA507920019F58B /* Assets.xcassets in Resources */,
				1184FD771CA507920019F58B /* Main.storyboard in Resources */,
			);
			runOnlyForDeploymentPostprocessing = 0;
		};
/* End PBXResourcesBuildPhase section */

/* Begin PBXShellScriptBuildPhase section */
		0553B9E666B5A3DC7A47F326 /* Copy Pods Resources */ = {
			isa = PBXShellScriptBuildPhase;
			buildActionMask = 2147483647;
			files = (
			);
			inputPaths = (
			);
			name = "Copy Pods Resources";
			outputPaths = (
			);
			runOnlyForDeploymentPostprocessing = 0;
			shellPath = /bin/sh;
			shellScript = "\"${SRCROOT}/Pods/Target Support Files/Pods-AlphaCamp_midTermExam/Pods-AlphaCamp_midTermExam-resources.sh\"\n";
			showEnvVarsInLog = 0;
		};
		1417FF29ACA886DE7C4AAF70 /* Check Pods Manifest.lock */ = {
			isa = PBXShellScriptBuildPhase;
			buildActionMask = 2147483647;
			files = (
			);
			inputPaths = (
			);
			name = "Check Pods Manifest.lock";
			outputPaths = (
			);
			runOnlyForDeploymentPostprocessing = 0;
			shellPath = /bin/sh;
			shellScript = "diff \"${PODS_ROOT}/../Podfile.lock\" \"${PODS_ROOT}/Manifest.lock\" > /dev/null\nif [[ $? != 0 ]] ; then\n    cat << EOM\nerror: The sandbox is not in sync with the Podfile.lock. Run 'pod install' or update your CocoaPods installation.\nEOM\n    exit 1\nfi\n";
			showEnvVarsInLog = 0;
		};
		A6A5E742310D113F1811DBC5 /* Embed Pods Frameworks */ = {
			isa = PBXShellScriptBuildPhase;
			buildActionMask = 2147483647;
			files = (
			);
			inputPaths = (
			);
			name = "Embed Pods Frameworks";
			outputPaths = (
			);
			runOnlyForDeploymentPostprocessing = 0;
			shellPath = /bin/sh;
			shellScript = "\"${SRCROOT}/Pods/Target Support Files/Pods-AlphaCamp_midTermExam/Pods-AlphaCamp_midTermExam-frameworks.sh\"\n";
			showEnvVarsInLog = 0;
		};
/* End PBXShellScriptBuildPhase section */

/* Begin PBXSourcesBuildPhase section */
		1184FD681CA507920019F58B /* Sources */ = {
			isa = PBXSourcesBuildPhase;
			buildActionMask = 2147483647;
			files = (
				1184FD741CA507920019F58B /* SecondViewController.swift in Sources */,
				1184FD881CA50F7C0019F58B /* WebViewController.swift in Sources */,
				1184FD701CA507920019F58B /* AppDelegate.swift in Sources */,
				11A1F51E1CA903C20048BCEB /* DetailViewController.swift in Sources */,
				1184FD721CA507920019F58B /* FirstViewController.swift in Sources */,
				1184FD8A1CA512C20019F58B /* MovieTableViewCell.swift in Sources */,
			);
			runOnlyForDeploymentPostprocessing = 0;
		};
/* End PBXSourcesBuildPhase section */

/* Begin PBXVariantGroup section */
		1184FD751CA507920019F58B /* Main.storyboard */ = {
			isa = PBXVariantGroup;
			children = (
				1184FD761CA507920019F58B /* Base */,
			);
			name = Main.storyboard;
			sourceTree = "<group>";
		};
		1184FD7A1CA507920019F58B /* LaunchScreen.storyboard */ = {
			isa = PBXVariantGroup;
			children = (
				1184FD7B1CA507920019F58B /* Base */,
			);
			name = LaunchScreen.storyboard;
			sourceTree = "<group>";
		};
/* End PBXVariantGroup section */

/* Begin XCBuildConfiguration section */
		1184FD7E1CA507920019F58B /* Debug */ = {
			isa = XCBuildConfiguration;
			buildSettings = {
				ALWAYS_SEARCH_USER_PATHS = NO;
				CLANG_ANALYZER_NONNULL = YES;
				CLANG_CXX_LANGUAGE_STANDARD = "gnu++0x";
				CLANG_CXX_LIBRARY = "libc++";
				CLANG_ENABLE_MODULES = YES;
				CLANG_ENABLE_OBJC_ARC = YES;
				CLANG_WARN_BOOL_CONVERSION = YES;
				CLANG_WARN_CONSTANT_CONVERSION = YES;
				CLANG_WARN_DIRECT_OBJC_ISA_USAGE = YES_ERROR;
				CLANG_WARN_EMPTY_BODY = YES;
				CLANG_WARN_ENUM_CONVERSION = YES;
				CLANG_WARN_INT_CONVERSION = YES;
				CLANG_WARN_OBJC_ROOT_CLASS = YES_ERROR;
				CLANG_WARN_UNREACHABLE_CODE = YES;
				CLANG_WARN__DUPLICATE_METHOD_MATCH = YES;
				"CODE_SIGN_IDENTITY[sdk=iphoneos*]" = "iPhone Developer";
				COPY_PHASE_STRIP = NO;
				DEBUG_INFORMATION_FORMAT = dwarf;
				ENABLE_STRICT_OBJC_MSGSEND = YES;
				ENABLE_TESTABILITY = YES;
				GCC_C_LANGUAGE_STANDARD = gnu99;
				GCC_DYNAMIC_NO_PIC = NO;
				GCC_NO_COMMON_BLOCKS = YES;
				GCC_OPTIMIZATION_LEVEL = 0;
				GCC_PREPROCESSOR_DEFINITIONS = (
					"DEBUG=1",
					"$(inherited)",
				);
				GCC_WARN_64_TO_32_BIT_CONVERSION = YES;
				GCC_WARN_ABOUT_RETURN_TYPE = YES_ERROR;
				GCC_WARN_UNDECLARED_SELECTOR = YES;
				GCC_WARN_UNINITIALIZED_AUTOS = YES_AGGRESSIVE;
				GCC_WARN_UNUSED_FUNCTION = YES;
				GCC_WARN_UNUSED_VARIABLE = YES;
				IPHONEOS_DEPLOYMENT_TARGET = 9.3;
				MTL_ENABLE_DEBUG_INFO = YES;
				ONLY_ACTIVE_ARCH = YES;
				SDKROOT = iphoneos;
				SWIFT_OPTIMIZATION_LEVEL = "-Onone";
				TARGETED_DEVICE_FAMILY = "1,2";
			};
			name = Debug;
		};
		1184FD7F1CA507920019F58B /* Release */ = {
			isa = XCBuildConfiguration;
			buildSettings = {
				ALWAYS_SEARCH_USER_PATHS = NO;
				CLANG_ANALYZER_NONNULL = YES;
				CLANG_CXX_LANGUAGE_STANDARD = "gnu++0x";
				CLANG_CXX_LIBRARY = "libc++";
				CLANG_ENABLE_MODULES = YES;
				CLANG_ENABLE_OBJC_ARC = YES;
				CLANG_WARN_BOOL_CONVERSION = YES;
				CLANG_WARN_CONSTANT_CONVERSION = YES;
				CLANG_WARN_DIRECT_OBJC_ISA_USAGE = YES_ERROR;
				CLANG_WARN_EMPTY_BODY = YES;
				CLANG_WARN_ENUM_CONVERSION = YES;
				CLANG_WARN_INT_CONVERSION = YES;
				CLANG_WARN_OBJC_ROOT_CLASS = YES_ERROR;
				CLANG_WARN_UNREACHABLE_CODE = YES;
				CLANG_WARN__DUPLICATE_METHOD_MATCH = YES;
				"CODE_SIGN_IDENTITY[sdk=iphoneos*]" = "iPhone Developer";
				COPY_PHASE_STRIP = NO;
				DEBUG_INFORMATION_FORMAT = "dwarf-with-dsym";
				ENABLE_NS_ASSERTIONS = NO;
				ENABLE_STRICT_OBJC_MSGSEND = YES;
				GCC_C_LANGUAGE_STANDARD = gnu99;
				GCC_NO_COMMON_BLOCKS = YES;
				GCC_WARN_64_TO_32_BIT_CONVERSION = YES;
				GCC_WARN_ABOUT_RETURN_TYPE = YES_ERROR;
				GCC_WARN_UNDECLARED_SELECTOR = YES;
				GCC_WARN_UNINITIALIZED_AUTOS = YES_AGGRESSIVE;
				GCC_WARN_UNUSED_FUNCTION = YES;
				GCC_WARN_UNUSED_VARIABLE = YES;
				IPHONEOS_DEPLOYMENT_TARGET = 9.3;
				MTL_ENABLE_DEBUG_INFO = NO;
				SDKROOT = iphoneos;
				TARGETED_DEVICE_FAMILY = "1,2";
				VALIDATE_PRODUCT = YES;
			};
			name = Release;
		};
		1184FD811CA507920019F58B /* Debug */ = {
			isa = XCBuildConfiguration;
			baseConfigurationReference = F6ADE557A7BA78779134FCF4 /* Pods-AlphaCamp_midTermExam.debug.xcconfig */;
			buildSettings = {
				ASSETCATALOG_COMPILER_APPICON_NAME = AppIcon;
				FRAMEWORK_SEARCH_PATHS = (
					"$(inherited)",
					"$(PROJECT_DIR)/build/Debug-iphoneos/SDWebImage",
				);
				INFOPLIST_FILE = AlphaCamp_mainapp_practice/Info.plist;
				LD_RUNPATH_SEARCH_PATHS = "$(inherited) @executable_path/Frameworks";
				PRODUCT_BUNDLE_IDENTIFIER = "net.kahopoon.AlphaCamp-mainapp-practice";
				PRODUCT_NAME = AlphaCamp_midTermExam;
			};
			name = Debug;
		};
		1184FD821CA507920019F58B /* Release */ = {
			isa = XCBuildConfiguration;
			baseConfigurationReference = 1B6D2E6F1A443E2061A082A3 /* Pods-AlphaCamp_midTermExam.release.xcconfig */;
			buildSettings = {
				ASSETCATALOG_COMPILER_APPICON_NAME = AppIcon;
				FRAMEWORK_SEARCH_PATHS = (
					"$(inherited)",
					"$(PROJECT_DIR)/build/Debug-iphoneos/SDWebImage",
				);
				INFOPLIST_FILE = AlphaCamp_mainapp_practice/Info.plist;
				LD_RUNPATH_SEARCH_PATHS = "$(inherited) @executable_path/Frameworks";
				PRODUCT_BUNDLE_IDENTIFIER = "net.kahopoon.AlphaCamp-mainapp-practice";
				PRODUCT_NAME = AlphaCamp_midTermExam;
			};
			name = Release;
		};
/* End XCBuildConfiguration section */

/* Begin XCConfigurationList section */
		1184FD671CA507920019F58B /* Build configuration list for PBXProject "AlphaCamp_midTermExam" */ = {
			isa = XCConfigurationList;
			buildConfigurations = (
				1184FD7E1CA507920019F58B /* Debug */,
				1184FD7F1CA507920019F58B /* Release */,
			);
			defaultConfigurationIsVisible = 0;
			defaultConfigurationName = Release;
		};
		1184FD801CA507920019F58B /* Build configuration list for PBXNativeTarget "AlphaCamp_midTermExam" */ = {
			isa = XCConfigurationList;
			buildConfigurations = (
				1184FD811CA507920019F58B /* Debug */,
				1184FD821CA507920019F58B /* Release */,
			);
			defaultConfigurationIsVisible = 0;
			defaultConfigurationName = Release;
		};
/* End XCConfigurationList section */
	};
	rootObject = 1184FD641CA507920019F58B /* Project object */;
}
